Microsoft Visual Studio Solution File, Format Version 12.00
# Visual Studio 14
VisualStudioVersion = 14.0.24720.0
MinimumVisualStudioVersion = 10.0.40219.1
Project("{1B19158F-E398-40A6-8E3B-350508E125F1}") = "FrontendDevExtremeProject", "FrontendDevExtremeProject\FrontendDevExtremeProject.dxjsproj", "{EB51A4DC-0056-48CD-B203-CA8D6B8AAC12}"
EndProject
Project("{F184B08F-C81C-45F6-A57F-5ABD9991F28F}") = "BackendMvcProject", "BackendMvcProject\BackendMvcProject.vbproj", "{4C6BDF7F-9038-47A9-9FAA-39728CE3A3C4}"
EndProject
Global
	GlobalSection(SolutionConfigurationPlatforms) = preSolution
		Debug|Any CPU = Debug|Any CPU
		Release|Any CPU = Release|Any CPU
	EndGlobalSection
	GlobalSection(ProjectConfigurationPlatforms) = postSolution
		{EB51A4DC-0056-48CD-B203-CA8D6B8AAC12}.Debug|Any CPU.ActiveCfg = Debug|Any CPU
		{EB51A4DC-0056-48CD-B203-CA8D6B8AAC12}.Debug|Any CPU.Build.0 = Debug|Any CPU
		{EB51A4DC-0056-48CD-B203-CA8D6B8AAC12}.Release|Any CPU.ActiveCfg = Release|Any CPU
		{EB51A4DC-0056-48CD-B203-CA8D6B8AAC12}.Release|Any CPU.Build.0 = Release|Any CPU
		{4C6BDF7F-9038-47A9-9FAA-39728CE3A3C4}.Debug|Any CPU.ActiveCfg = Debug|Any CPU
		{4C6BDF7F-9038-47A9-9FAA-39728CE3A3C4}.Debug|Any CPU.Build.0 = Debug|Any CPU
		{4C6BDF7F-9038-47A9-9FAA-39728CE3A3C4}.Release|Any CPU.ActiveCfg = Release|Any CPU
		{4C6BDF7F-9038-47A9-9FAA-39728CE3A3C4}.Release|Any CPU.Build.0 = Release|Any CPU
	EndGlobalSection
	GlobalSection(SolutionProperties) = preSolution
		HideSolutionNode = FALSE
	EndGlobalSection
EndGlobal
